{
  "nodes": {
    "flake-parts": {
      "inputs": {
        "nixpkgs": [
          "nixpkgs"
        ]
      },
      "locked": {
        "lastModified": 1657102481,
        "narHash": "sha256-62Fuw8JgPub38OdgNefkIKOodM9nC3M0AG6lS+7smf4=",
        "owner": "hercules-ci",
        "repo": "flake-parts",
        "rev": "608ed3502263d6f4f886d75c48fc2b444a4ab8d8",
        "type": "github"
      },
      "original": {
        "owner": "hercules-ci",
        "repo": "flake-parts",
        "type": "github"
      }
    },
    "flake-utils": {
      "locked": {
        "lastModified": 1656928814,
        "narHash": "sha256-RIFfgBuKz6Hp89yRr7+NR5tzIAbn52h8vT6vXkYjZoM=",
        "owner": "numtide",
        "repo": "flake-utils",
        "rev": "7e2a3b3dfd9af950a856d66b0a7d01e3c18aa249",
        "type": "github"
      },
      "original": {
        "owner": "numtide",
        "repo": "flake-utils",
        "type": "github"
      }
    },
    "nixpkgs": {
      "locked": {
        "lastModified": 1658500284,
        "narHash": "sha256-g7vwZ5UF8PvC9f2/7Zf5O6zxgJiMSuh1CiGZVuuOhEQ=",
        "owner": "NixOS",
        "repo": "nixpkgs",
        "rev": "e3583ad6e533a9d8dd78f90bfa93812d390ea187",
        "type": "github"
      },
      "original": {
        "owner": "NixOS",
        "ref": "nixos-unstable",
        "repo": "nixpkgs",
        "type": "github"
      }
    },
    "pre-commit": {
      "inputs": {
        "flake-utils": [
          "flake-utils"
        ],
        "nixpkgs": [
          "nixpkgs"
        ]
      },
      "locked": {
        "lastModified": 1658611562,
        "narHash": "sha256-jktQ3mRrFAiFzzmVxQXh+8IxZOEE4hfr7St3ncXeVy4=",
        "owner": "cachix",
        "repo": "pre-commit-hooks.nix",
        "rev": "f436e6dbc10bb3500775785072a40eefe057b18e",
        "type": "github"
      },
      "original": {
        "owner": "cachix",
        "repo": "pre-commit-hooks.nix",
        "type": "github"
      }
    },
    "root": {
      "inputs": {
        "flake-parts": "flake-parts",
        "flake-utils": "flake-utils",
        "nixpkgs": "nixpkgs",
        "pre-commit": "pre-commit"
      }
    }
  },
  "root": "root",
  "version": 7
}
